
Microsoft Visual Studio Solution File, Format Version 12.00
Project("{2150E333-8FDC-42A3-9474-1A3956D46DE8}") = "00.Packages", "00.Packages", "{4DBCCFE1-30A8-4AEF-8917-E9B9D4933765}"
EndProject
Project("{2150E333-8FDC-42A3-9474-1A3956D46DE8}") = "01.Core", "01.Core", "{A1E71A81-A095-4444-AB79-515F761FDC03}"
EndProject
Project("{2150E333-8FDC-42A3-9474-1A3956D46DE8}") = "02.Infrastructure", "02.Infrastructure", "{8447CA82-0EAE-408A-8836-DABCC899348D}"
EndProject
Project("{2150E333-8FDC-42A3-9474-1A3956D46DE8}") = "03.Persentation", "03.Persentation", "{15B372F0-9A33-4A09-B58B-FC984EB0980B}"
EndProject
Project("{FAE04EC0-301F-11D3-BF4B-00C04F79EFBC}") = "Footsal.Entites", "Footsal.Entites\Footsal.Entites.csproj", "{C4F18F1A-ADB1-47E4-AACA-6E994D37553C}"
EndProject
Project("{FAE04EC0-301F-11D3-BF4B-00C04F79EFBC}") = "Footsal.Services", "Footsal.Services\Footsal.Services.csproj", "{A7251C59-A6DC-4488-9ACB-713F6DAE34F7}"
EndProject
Project("{FAE04EC0-301F-11D3-BF4B-00C04F79EFBC}") = "Footsal.Infrastructure", "Footsal.Infrastructure\Footsal.Infrastructure.csproj", "{7AEFD2B5-F86C-41BD-AB48-485C53A0E7E0}"
EndProject
Project("{FAE04EC0-301F-11D3-BF4B-00C04F79EFBC}") = "Footsal.Migrations", "Footsal.Migrations\Footsal.Migrations.csproj", "{B2B52806-9949-4D7A-A24C-BF68CB7122EB}"
EndProject
Project("{FAE04EC0-301F-11D3-BF4B-00C04F79EFBC}") = "Footsal.Persistence.EF", "Footsal.Persistence.EF\Footsal.Persistence.EF.csproj", "{37C8BEAD-EA23-401F-9092-A825ED594E83}"
EndProject
Project("{FAE04EC0-301F-11D3-BF4B-00C04F79EFBC}") = "Footsal.RestApi", "Footsal.RestApi\Footsal.RestApi.csproj", "{EB44CB74-BF94-436A-AF26-8D4675CA6545}"
EndProject
Project("{FAE04EC0-301F-11D3-BF4B-00C04F79EFBC}") = "Footsal.TaavContracts", "Footsal.TaavContracts\Footsal.TaavContracts.csproj", "{A110CB01-66A5-4DA6-B006-3EBA317ED0EE}"
EndProject
Global
	GlobalSection(SolutionConfigurationPlatforms) = preSolution
		Debug|Any CPU = Debug|Any CPU
		Release|Any CPU = Release|Any CPU
	EndGlobalSection
	GlobalSection(NestedProjects) = preSolution
		{C4F18F1A-ADB1-47E4-AACA-6E994D37553C} = {A1E71A81-A095-4444-AB79-515F761FDC03}
		{A7251C59-A6DC-4488-9ACB-713F6DAE34F7} = {A1E71A81-A095-4444-AB79-515F761FDC03}
		{7AEFD2B5-F86C-41BD-AB48-485C53A0E7E0} = {8447CA82-0EAE-408A-8836-DABCC899348D}
		{B2B52806-9949-4D7A-A24C-BF68CB7122EB} = {8447CA82-0EAE-408A-8836-DABCC899348D}
		{37C8BEAD-EA23-401F-9092-A825ED594E83} = {8447CA82-0EAE-408A-8836-DABCC899348D}
		{EB44CB74-BF94-436A-AF26-8D4675CA6545} = {15B372F0-9A33-4A09-B58B-FC984EB0980B}
		{A110CB01-66A5-4DA6-B006-3EBA317ED0EE} = {4DBCCFE1-30A8-4AEF-8917-E9B9D4933765}
	EndGlobalSection
	GlobalSection(ProjectConfigurationPlatforms) = postSolution
		{C4F18F1A-ADB1-47E4-AACA-6E994D37553C}.Debug|Any CPU.ActiveCfg = Debug|Any CPU
		{C4F18F1A-ADB1-47E4-AACA-6E994D37553C}.Debug|Any CPU.Build.0 = Debug|Any CPU
		{C4F18F1A-ADB1-47E4-AACA-6E994D37553C}.Release|Any CPU.ActiveCfg = Release|Any CPU
		{C4F18F1A-ADB1-47E4-AACA-6E994D37553C}.Release|Any CPU.Build.0 = Release|Any CPU
		{A7251C59-A6DC-4488-9ACB-713F6DAE34F7}.Debug|Any CPU.ActiveCfg = Debug|Any CPU
		{A7251C59-A6DC-4488-9ACB-713F6DAE34F7}.Debug|Any CPU.Build.0 = Debug|Any CPU
		{A7251C59-A6DC-4488-9ACB-713F6DAE34F7}.Release|Any CPU.ActiveCfg = Release|Any CPU
		{A7251C59-A6DC-4488-9ACB-713F6DAE34F7}.Release|Any CPU.Build.0 = Release|Any CPU
		{7AEFD2B5-F86C-41BD-AB48-485C53A0E7E0}.Debug|Any CPU.ActiveCfg = Debug|Any CPU
		{7AEFD2B5-F86C-41BD-AB48-485C53A0E7E0}.Debug|Any CPU.Build.0 = Debug|Any CPU
		{7AEFD2B5-F86C-41BD-AB48-485C53A0E7E0}.Release|Any CPU.ActiveCfg = Release|Any CPU
		{7AEFD2B5-F86C-41BD-AB48-485C53A0E7E0}.Release|Any CPU.Build.0 = Release|Any CPU
		{B2B52806-9949-4D7A-A24C-BF68CB7122EB}.Debug|Any CPU.ActiveCfg = Debug|Any CPU
		{B2B52806-9949-4D7A-A24C-BF68CB7122EB}.Debug|Any CPU.Build.0 = Debug|Any CPU
		{B2B52806-9949-4D7A-A24C-BF68CB7122EB}.Release|Any CPU.ActiveCfg = Release|Any CPU
		{B2B52806-9949-4D7A-A24C-BF68CB7122EB}.Release|Any CPU.Build.0 = Release|Any CPU
		{37C8BEAD-EA23-401F-9092-A825ED594E83}.Debug|Any CPU.ActiveCfg = Debug|Any CPU
		{37C8BEAD-EA23-401F-9092-A825ED594E83}.Debug|Any CPU.Build.0 = Debug|Any CPU
		{37C8BEAD-EA23-401F-9092-A825ED594E83}.Release|Any CPU.ActiveCfg = Release|Any CPU
		{37C8BEAD-EA23-401F-9092-A825ED594E83}.Release|Any CPU.Build.0 = Release|Any CPU
		{EB44CB74-BF94-436A-AF26-8D4675CA6545}.Debug|Any CPU.ActiveCfg = Debug|Any CPU
		{EB44CB74-BF94-436A-AF26-8D4675CA6545}.Debug|Any CPU.Build.0 = Debug|Any CPU
		{EB44CB74-BF94-436A-AF26-8D4675CA6545}.Release|Any CPU.ActiveCfg = Release|Any CPU
		{EB44CB74-BF94-436A-AF26-8D4675CA6545}.Release|Any CPU.Build.0 = Release|Any CPU
		{A110CB01-66A5-4DA6-B006-3EBA317ED0EE}.Debug|Any CPU.ActiveCfg = Debug|Any CPU
		{A110CB01-66A5-4DA6-B006-3EBA317ED0EE}.Debug|Any CPU.Build.0 = Debug|Any CPU
		{A110CB01-66A5-4DA6-B006-3EBA317ED0EE}.Release|Any CPU.ActiveCfg = Release|Any CPU
		{A110CB01-66A5-4DA6-B006-3EBA317ED0EE}.Release|Any CPU.Build.0 = Release|Any CPU
	EndGlobalSection
EndGlobal
